
Microsoft Visual Studio Solution File, Format Version 12.00
# Visual Studio Version 16
VisualStudioVersion = 16.0.29519.181
MinimumVisualStudioVersion = 10.0.40219.1
Project("{F184B08F-C81C-45F6-A57F-5ABD9991F28F}") = "Cabin_Star", "Cabin_Star\Cabin_Star.vbproj", "{0BE9B9BD-FFCB-427C-AAB1-02744961FA5E}"
EndProject
Global
	GlobalSection(SolutionConfigurationPlatforms) = preSolution
		Debug|Any CPU = Debug|Any CPU
		Release|Any CPU = Release|Any CPU
	EndGlobalSection
	GlobalSection(ProjectConfigurationPlatforms) = postSolution
		{0BE9B9BD-FFCB-427C-AAB1-02744961FA5E}.Debug|Any CPU.ActiveCfg = Debug|Any CPU
		{0BE9B9BD-FFCB-427C-AAB1-02744961FA5E}.Debug|Any CPU.Build.0 = Debug|Any CPU
		{0BE9B9BD-FFCB-427C-AAB1-02744961FA5E}.Release|Any CPU.ActiveCfg = Release|Any CPU
		{0BE9B9BD-FFCB-427C-AAB1-02744961FA5E}.Release|Any CPU.Build.0 = Release|Any CPU
	EndGlobalSection
	GlobalSection(SolutionProperties) = preSolution
		HideSolutionNode = FALSE
	EndGlobalSection
	GlobalSection(ExtensibilityGlobals) = postSolution
		SolutionGuid = {573F0C2C-E915-48B8-AC0E-D2158A1DCB2D}
	EndGlobalSection
EndGlobal
